
Microsoft Visual Studio Solution File, Format Version 12.00
# Visual Studio Version 16
VisualStudioVersion = 16.0.30309.148
MinimumVisualStudioVersion = 10.0.40219.1
Project("{FAE04EC0-301F-11D3-BF4B-00C04F79EFBC}") = "CompanyEmployees", "CompanyEmployees.csproj", "{1A3FAC8A-B05A-4BD4-9F04-2933E4D1A635}"
EndProject
Global
	GlobalSection(SolutionConfigurationPlatforms) = preSolution
		Debug|Any CPU = Debug|Any CPU
		Release|Any CPU = Release|Any CPU
	EndGlobalSection
	GlobalSection(ProjectConfigurationPlatforms) = postSolution
		{1A3FAC8A-B05A-4BD4-9F04-2933E4D1A635}.Debug|Any CPU.ActiveCfg = Debug|Any CPU
		{1A3FAC8A-B05A-4BD4-9F04-2933E4D1A635}.Debug|Any CPU.Build.0 = Debug|Any CPU
		{1A3FAC8A-B05A-4BD4-9F04-2933E4D1A635}.Release|Any CPU.ActiveCfg = Release|Any CPU
		{1A3FAC8A-B05A-4BD4-9F04-2933E4D1A635}.Release|Any CPU.Build.0 = Release|Any CPU
	EndGlobalSection
	GlobalSection(SolutionProperties) = preSolution
		HideSolutionNode = FALSE
	EndGlobalSection
	GlobalSection(ExtensibilityGlobals) = postSolution
		SolutionGuid = {818AE989-BC87-4AAC-99AA-DE517ED68A78}
	EndGlobalSection
EndGlobal
