
Microsoft Visual Studio Solution File, Format Version 12.00
# Visual Studio Version 17
VisualStudioVersion = 17.3.32825.248
MinimumVisualStudioVersion = 10.0.40219.1
Project("{9A19103F-16F7-4668-BE54-9A1E7A4F7556}") = "Contracts", "Contracts\Contracts.csproj", "{2D4508B4-0772-4835-BACE-EBD33AE81277}"
EndProject
Project("{9A19103F-16F7-4668-BE54-9A1E7A4F7556}") = "LoggerService", "LoggerService\LoggerService.csproj", "{1F263023-EF51-4C57-960C-18C42FCB94E9}"
EndProject
Project("{9A19103F-16F7-4668-BE54-9A1E7A4F7556}") = "WebAPI", "WebAPI\WebAPI.csproj", "{53F4B84D-BA1A-43DD-8C9D-ED01E72B867D}"
EndProject
Project("{9A19103F-16F7-4668-BE54-9A1E7A4F7556}") = "Entities", "Entities\Entities.csproj", "{E58A7780-EE9A-4435-9BEE-2AC2E5DE6934}"
EndProject
Project("{9A19103F-16F7-4668-BE54-9A1E7A4F7556}") = "Repository", "Repository\Repository.csproj", "{036F63A5-79C4-432D-AFE1-96895492DB5B}"
EndProject
Project("{FAE04EC0-301F-11D3-BF4B-00C04F79EFBC}") = "Service.Contracts", "Service.Contracts\Service.Contracts.csproj", "{F8A9CF08-B1A1-4DA6-81DE-272C4EA19BEC}"
EndProject
Project("{FAE04EC0-301F-11D3-BF4B-00C04F79EFBC}") = "Service", "Service\Service.csproj", "{6088FC04-71EF-4E74-AC91-69A287B74C69}"
EndProject
Global
	GlobalSection(SolutionConfigurationPlatforms) = preSolution
		Debug|Any CPU = Debug|Any CPU
		Release|Any CPU = Release|Any CPU
	EndGlobalSection
	GlobalSection(ProjectConfigurationPlatforms) = postSolution
		{2D4508B4-0772-4835-BACE-EBD33AE81277}.Debug|Any CPU.ActiveCfg = Debug|Any CPU
		{2D4508B4-0772-4835-BACE-EBD33AE81277}.Debug|Any CPU.Build.0 = Debug|Any CPU
		{2D4508B4-0772-4835-BACE-EBD33AE81277}.Release|Any CPU.ActiveCfg = Release|Any CPU
		{2D4508B4-0772-4835-BACE-EBD33AE81277}.Release|Any CPU.Build.0 = Release|Any CPU
		{1F263023-EF51-4C57-960C-18C42FCB94E9}.Debug|Any CPU.ActiveCfg = Debug|Any CPU
		{1F263023-EF51-4C57-960C-18C42FCB94E9}.Debug|Any CPU.Build.0 = Debug|Any CPU
		{1F263023-EF51-4C57-960C-18C42FCB94E9}.Release|Any CPU.ActiveCfg = Release|Any CPU
		{1F263023-EF51-4C57-960C-18C42FCB94E9}.Release|Any CPU.Build.0 = Release|Any CPU
		{53F4B84D-BA1A-43DD-8C9D-ED01E72B867D}.Debug|Any CPU.ActiveCfg = Debug|Any CPU
		{53F4B84D-BA1A-43DD-8C9D-ED01E72B867D}.Debug|Any CPU.Build.0 = Debug|Any CPU
		{53F4B84D-BA1A-43DD-8C9D-ED01E72B867D}.Release|Any CPU.ActiveCfg = Release|Any CPU
		{53F4B84D-BA1A-43DD-8C9D-ED01E72B867D}.Release|Any CPU.Build.0 = Release|Any CPU
		{E58A7780-EE9A-4435-9BEE-2AC2E5DE6934}.Debug|Any CPU.ActiveCfg = Debug|Any CPU
		{E58A7780-EE9A-4435-9BEE-2AC2E5DE6934}.Debug|Any CPU.Build.0 = Debug|Any CPU
		{E58A7780-EE9A-4435-9BEE-2AC2E5DE6934}.Release|Any CPU.ActiveCfg = Release|Any CPU
		{E58A7780-EE9A-4435-9BEE-2AC2E5DE6934}.Release|Any CPU.Build.0 = Release|Any CPU
		{036F63A5-79C4-432D-AFE1-96895492DB5B}.Debug|Any CPU.ActiveCfg = Debug|Any CPU
		{036F63A5-79C4-432D-AFE1-96895492DB5B}.Debug|Any CPU.Build.0 = Debug|Any CPU
		{036F63A5-79C4-432D-AFE1-96895492DB5B}.Release|Any CPU.ActiveCfg = Release|Any CPU
		{036F63A5-79C4-432D-AFE1-96895492DB5B}.Release|Any CPU.Build.0 = Release|Any CPU
		{F8A9CF08-B1A1-4DA6-81DE-272C4EA19BEC}.Debug|Any CPU.ActiveCfg = Debug|Any CPU
		{F8A9CF08-B1A1-4DA6-81DE-272C4EA19BEC}.Debug|Any CPU.Build.0 = Debug|Any CPU
		{F8A9CF08-B1A1-4DA6-81DE-272C4EA19BEC}.Release|Any CPU.ActiveCfg = Release|Any CPU
		{F8A9CF08-B1A1-4DA6-81DE-272C4EA19BEC}.Release|Any CPU.Build.0 = Release|Any CPU
		{6088FC04-71EF-4E74-AC91-69A287B74C69}.Debug|Any CPU.ActiveCfg = Debug|Any CPU
		{6088FC04-71EF-4E74-AC91-69A287B74C69}.Debug|Any CPU.Build.0 = Debug|Any CPU
		{6088FC04-71EF-4E74-AC91-69A287B74C69}.Release|Any CPU.ActiveCfg = Release|Any CPU
		{6088FC04-71EF-4E74-AC91-69A287B74C69}.Release|Any CPU.Build.0 = Release|Any CPU
	EndGlobalSection
	GlobalSection(SolutionProperties) = preSolution
		HideSolutionNode = FALSE
	EndGlobalSection
	GlobalSection(ExtensibilityGlobals) = postSolution
		SolutionGuid = {C5F95F78-8EC8-4C8D-B11F-2B26AF541E58}
	EndGlobalSection
EndGlobal
